
Microsoft Visual Studio Solution File, Format Version 11.00
# Visual Studio 2010
Project("{8BC9CEB8-8B4A-11D0-8D11-00A0C91BC942}") = "Speech Processing - YesNo Detection", "Speech Processing - YesNo Detection\Speech Processing - YesNo Detection.vcxproj", "{071B8398-74C5-4814-9A66-75B88D4B190A}"
EndProject
Global
	GlobalSection(SolutionConfigurationPlatforms) = preSolution
		Debug|Win32 = Debug|Win32
		Release|Win32 = Release|Win32
	EndGlobalSection
	GlobalSection(ProjectConfigurationPlatforms) = postSolution
		{071B8398-74C5-4814-9A66-75B88D4B190A}.Debug|Win32.ActiveCfg = Debug|Win32
		{071B8398-74C5-4814-9A66-75B88D4B190A}.Debug|Win32.Build.0 = Debug|Win32
		{071B8398-74C5-4814-9A66-75B88D4B190A}.Release|Win32.ActiveCfg = Release|Win32
		{071B8398-74C5-4814-9A66-75B88D4B190A}.Release|Win32.Build.0 = Release|Win32
	EndGlobalSection
	GlobalSection(SolutionProperties) = preSolution
		HideSolutionNode = FALSE
	EndGlobalSection
EndGlobal
